
Microsoft Visual Studio Solution File, Format Version 12.00
# Visual Studio 15
VisualStudioVersion = 15.0.28307.757
MinimumVisualStudioVersion = 10.0.40219.1
Project("{8BC9CEB8-8B4A-11D0-8D11-00A0C91BC942}") = "Mach2D", "Mach2D\Mach2D.vcxproj", "{8E7F1876-8D52-4828-B890-4AFCECEA56BB}"
EndProject
Global
	GlobalSection(SolutionConfigurationPlatforms) = preSolution
		Debug|x64 = Debug|x64
		Debug|x86 = Debug|x86
		Release|x64 = Release|x64
		Release|x86 = Release|x86
	EndGlobalSection
	GlobalSection(ProjectConfigurationPlatforms) = postSolution
		{8E7F1876-8D52-4828-B890-4AFCECEA56BB}.Debug|x64.ActiveCfg = Debug|x64
		{8E7F1876-8D52-4828-B890-4AFCECEA56BB}.Debug|x64.Build.0 = Debug|x64
		{8E7F1876-8D52-4828-B890-4AFCECEA56BB}.Debug|x86.ActiveCfg = Debug|Win32
		{8E7F1876-8D52-4828-B890-4AFCECEA56BB}.Debug|x86.Build.0 = Debug|Win32
		{8E7F1876-8D52-4828-B890-4AFCECEA56BB}.Release|x64.ActiveCfg = Release|x64
		{8E7F1876-8D52-4828-B890-4AFCECEA56BB}.Release|x64.Build.0 = Release|x64
		{8E7F1876-8D52-4828-B890-4AFCECEA56BB}.Release|x86.ActiveCfg = Release|Win32
		{8E7F1876-8D52-4828-B890-4AFCECEA56BB}.Release|x86.Build.0 = Release|Win32
	EndGlobalSection
	GlobalSection(SolutionProperties) = preSolution
		HideSolutionNode = FALSE
	EndGlobalSection
	GlobalSection(ExtensibilityGlobals) = postSolution
		SolutionGuid = {C03BA2E7-C64C-455A-AD73-0344E5D97E48}
	EndGlobalSection
EndGlobal
